
Microsoft Visual Studio Solution File, Format Version 12.00
# Visual Studio Version 16
VisualStudioVersion = 16.0.30804.86
MinimumVisualStudioVersion = 10.0.40219.1
Project("{FAE04EC0-301F-11D3-BF4B-00C04F79EFBC}") = "OctalClockTwoBytes24h", "OctalClockTwoBytes24h\OctalClockTwoBytes24h.csproj", "{09D985A4-FBAC-40C0-8A4A-9A6BD10ED134}"
EndProject
Global
	GlobalSection(SolutionConfigurationPlatforms) = preSolution
		Debug|Any CPU = Debug|Any CPU
		Release|Any CPU = Release|Any CPU
	EndGlobalSection
	GlobalSection(ProjectConfigurationPlatforms) = postSolution
		{09D985A4-FBAC-40C0-8A4A-9A6BD10ED134}.Debug|Any CPU.ActiveCfg = Debug|Any CPU
		{09D985A4-FBAC-40C0-8A4A-9A6BD10ED134}.Debug|Any CPU.Build.0 = Debug|Any CPU
		{09D985A4-FBAC-40C0-8A4A-9A6BD10ED134}.Release|Any CPU.ActiveCfg = Release|Any CPU
		{09D985A4-FBAC-40C0-8A4A-9A6BD10ED134}.Release|Any CPU.Build.0 = Release|Any CPU
	EndGlobalSection
	GlobalSection(SolutionProperties) = preSolution
		HideSolutionNode = FALSE
	EndGlobalSection
	GlobalSection(ExtensibilityGlobals) = postSolution
		SolutionGuid = {D779B81B-3702-4031-A4C0-1B8F2C55E177}
	EndGlobalSection
EndGlobal
